
Microsoft Visual Studio Solution File, Format Version 12.00
# Visual Studio 2012
Project("{FAE04EC0-301F-11D3-BF4B-00C04F79EFBC}") = "t2sBackend", "t2sBackend\t2sBackend.csproj", "{352055AE-D9A0-486F-B21F-723478D09901}"
EndProject
Project("{FAE04EC0-301F-11D3-BF4B-00C04F79EFBC}") = "t2sBackendTest", "t2sBackendTest\t2sBackendTest.csproj", "{AD85DBD1-EB99-49CC-8A8B-A68C9AA8C30E}"
EndProject
Project("{FAE04EC0-301F-11D3-BF4B-00C04F79EFBC}") = "S22.Imap", "..\S22Imap\S22.Imap.csproj", "{369C32A5-E099-4BD5-BBBF-51713947CA99}"
EndProject
Project("{E24C65DC-7377-472B-9ABA-BC803B73C61A}") = "t2sBackendWebSite", "http://localhost:2952", "{399E07EA-81EB-48AE-BF46-DBF0ADC4136B}"
	ProjectSection(WebsiteProperties) = preProject
		UseIISExpress = "true"
		TargetFrameworkMoniker = ".NETFramework,Version%3Dv4.5"
		ProjectReferences = "{c3a85cef-08b5-4fe9-8bf7-cbe675010fc2}|t2sDbLibrary.dll;"
		Debug.AspNetCompiler.VirtualPath = "/localhost_2952"
		Debug.AspNetCompiler.PhysicalPath = "..\t2sBackendWebSite\"
		Debug.AspNetCompiler.TargetPath = "PrecompiledWeb\localhost_2952\"
		Debug.AspNetCompiler.Updateable = "true"
		Debug.AspNetCompiler.ForceOverwrite = "true"
		Debug.AspNetCompiler.FixedNames = "false"
		Debug.AspNetCompiler.Debug = "True"
		Release.AspNetCompiler.VirtualPath = "/localhost_2952"
		Release.AspNetCompiler.PhysicalPath = "..\t2sBackendWebSite\"
		Release.AspNetCompiler.TargetPath = "PrecompiledWeb\localhost_2952\"
		Release.AspNetCompiler.Updateable = "true"
		Release.AspNetCompiler.ForceOverwrite = "true"
		Release.AspNetCompiler.FixedNames = "false"
		Release.AspNetCompiler.Debug = "False"
		SlnRelativePath = "..\t2sBackendWebSite\"
		DefaultWebSiteLanguage = "Visual C#"
	EndProjectSection
EndProject
Project("{FAE04EC0-301F-11D3-BF4B-00C04F79EFBC}") = "t2sDbLibrary", "t2sDbLibrary\t2sDbLibrary.csproj", "{C3A85CEF-08B5-4FE9-8BF7-CBE675010FC2}"
EndProject
Global
	GlobalSection(SolutionConfigurationPlatforms) = preSolution
		Debug|Any CPU = Debug|Any CPU
		Release|Any CPU = Release|Any CPU
	EndGlobalSection
	GlobalSection(ProjectConfigurationPlatforms) = postSolution
		{352055AE-D9A0-486F-B21F-723478D09901}.Debug|Any CPU.ActiveCfg = Debug|Any CPU
		{352055AE-D9A0-486F-B21F-723478D09901}.Debug|Any CPU.Build.0 = Debug|Any CPU
		{352055AE-D9A0-486F-B21F-723478D09901}.Release|Any CPU.ActiveCfg = Release|Any CPU
		{352055AE-D9A0-486F-B21F-723478D09901}.Release|Any CPU.Build.0 = Release|Any CPU
		{AD85DBD1-EB99-49CC-8A8B-A68C9AA8C30E}.Debug|Any CPU.ActiveCfg = Debug|Any CPU
		{AD85DBD1-EB99-49CC-8A8B-A68C9AA8C30E}.Debug|Any CPU.Build.0 = Debug|Any CPU
		{AD85DBD1-EB99-49CC-8A8B-A68C9AA8C30E}.Release|Any CPU.ActiveCfg = Release|Any CPU
		{AD85DBD1-EB99-49CC-8A8B-A68C9AA8C30E}.Release|Any CPU.Build.0 = Release|Any CPU
		{369C32A5-E099-4BD5-BBBF-51713947CA99}.Debug|Any CPU.ActiveCfg = Debug|Any CPU
		{369C32A5-E099-4BD5-BBBF-51713947CA99}.Debug|Any CPU.Build.0 = Debug|Any CPU
		{369C32A5-E099-4BD5-BBBF-51713947CA99}.Release|Any CPU.ActiveCfg = Release|Any CPU
		{369C32A5-E099-4BD5-BBBF-51713947CA99}.Release|Any CPU.Build.0 = Release|Any CPU
		{399E07EA-81EB-48AE-BF46-DBF0ADC4136B}.Debug|Any CPU.ActiveCfg = Debug|Any CPU
		{399E07EA-81EB-48AE-BF46-DBF0ADC4136B}.Debug|Any CPU.Build.0 = Debug|Any CPU
		{399E07EA-81EB-48AE-BF46-DBF0ADC4136B}.Release|Any CPU.ActiveCfg = Debug|Any CPU
		{399E07EA-81EB-48AE-BF46-DBF0ADC4136B}.Release|Any CPU.Build.0 = Debug|Any CPU
		{C3A85CEF-08B5-4FE9-8BF7-CBE675010FC2}.Debug|Any CPU.ActiveCfg = Debug|Any CPU
		{C3A85CEF-08B5-4FE9-8BF7-CBE675010FC2}.Debug|Any CPU.Build.0 = Debug|Any CPU
		{C3A85CEF-08B5-4FE9-8BF7-CBE675010FC2}.Release|Any CPU.ActiveCfg = Release|Any CPU
		{C3A85CEF-08B5-4FE9-8BF7-CBE675010FC2}.Release|Any CPU.Build.0 = Release|Any CPU
	EndGlobalSection
	GlobalSection(SolutionProperties) = preSolution
		HideSolutionNode = FALSE
	EndGlobalSection
EndGlobal
